# 【執筆メモStart】
# pip install -r requirements.txt
# pip freeze > requirements.lock
# で作成されたファイルです。
# 依存関係も含めてライブラリを定義しています。
# 【執筆メモEnd】
asgiref==3.5.2
Django==4.1.2
djangorestframework==3.14.0
djangorestframework-simplejwt==5.2.2
mysqlclient==2.1.1
numpy==1.24.1
pandas==1.5.3
PyJWT==2.7.0
python-dateutil==2.8.2
pytz==2022.4
six==1.16.0
sqlparse==0.4.3
timedelta==2020.12.3
